// !$*UTF8*$!
{
	archiveVersion = 1;
	classes = {
	};
	objectVersion = 50;
	objects = {

/* Begin PBXBuildFile section */
		854A56A022447CAF00142BCC /* AppDelegate.swift in Sources */ = {isa = PBXBuildFile; fileRef = 854A569F22447CAF00142BCC /* AppDelegate.swift */; };
		854A56A222447CAF00142BCC /* ViewController.swift in Sources */ = {isa = PBXBuildFile; fileRef = 854A56A122447CAF00142BCC /* ViewController.swift */; };
		854A56A522447CAF00142BCC /* Main.storyboard in Resources */ = {isa = PBXBuildFile; fileRef = 854A56A322447CAF00142BCC /* Main.storyboard */; };
		854A56A722447CB000142BCC /* Assets.xcassets in Resources */ = {isa = PBXBuildFile; fileRef = 854A56A622447CB000142BCC /* Assets.xcassets */; };
		854A56AA22447CB000142BCC /* LaunchScreen.storyboard in Resources */ = {isa = PBXBuildFile; fileRef = 854A56A822447CB000142BCC /* LaunchScreen.storyboard */; };
		854A56B722447D9100142BCC /* 06.png in Resources */ = {isa = PBXBuildFile; fileRef = 854A56B122447D9100142BCC /* 06.png */; };
		854A56B822447D9100142BCC /* 05.png in Resources */ = {isa = PBXBuildFile; fileRef = 854A56B222447D9100142BCC /* 05.png */; };
		854A56B922447D9100142BCC /* 02.png in Resources */ = {isa = PBXBuildFile; fileRef = 854A56B322447D9100142BCC /* 02.png */; };
		854A56BA22447D9100142BCC /* 03.png in Resources */ = {isa = PBXBuildFile; fileRef = 854A56B422447D9100142BCC /* 03.png */; };
		854A56BB22447D9100142BCC /* 04.png in Resources */ = {isa = PBXBuildFile; fileRef = 854A56B522447D9100142BCC /* 04.png */; };
		854A56BC22447D9100142BCC /* 01.png in Resources */ = {isa = PBXBuildFile; fileRef = 854A56B622447D9100142BCC /* 01.png */; };
/* End PBXBuildFile section */

/* Begin PBXFileReference section */
		854A569C22447CAF00142BCC /* ImageSwiper.app */ = {isa = PBXFileReference; explicitFileType = wrapper.application; includeInIndex = 0; path = ImageSwiper.app; sourceTree = BUILT_PRODUCTS_DIR; };
		854A569F22447CAF00142BCC /* AppDelegate.swift */ = {isa = PBXFileReference; lastKnownFileType = sourcecode.swift; path = AppDelegate.swift; sourceTree = "<group>"; };
		854A56A122447CAF00142BCC /* ViewController.swift */ = {isa = PBXFileReference; lastKnownFileType = sourcecode.swift; path = ViewController.swift; sourceTree = "<group>"; };
		854A56A422447CAF00142BCC /* Base */ = {isa = PBXFileReference; lastKnownFileType = file.storyboard; name = Base; path = Base.lproj/Main.storyboard; sourceTree = "<group>"; };
		854A56A622447CB000142BCC /* Assets.xcassets */ = {isa = PBXFileReference; lastKnownFileType = folder.assetcatalog; path = Assets.xcassets; sourceTree = "<group>"; };
		854A56A922447CB000142BCC /* Base */ = {isa = PBXFileReference; lastKnownFileType = file.storyboard; name = Base; path = Base.lproj/LaunchScreen.storyboard; sourceTree = "<group>"; };
		854A56AB22447CB000142BCC /* Info.plist */ = {isa = PBXFileReference; lastKnownFileType = text.plist.xml; path = Info.plist; sourceTree = "<group>"; };
		854A56B122447D9100142BCC /* 06.png */ = {isa = PBXFileReference; lastKnownFileType = image.png; path = 06.png; sourceTree = "<group>"; };
		854A56B222447D9100142BCC /* 05.png */ = {isa = PBXFileReference; lastKnownFileType = image.png; path = 05.png; sourceTree = "<group>"; };
		854A56B322447D9100142BCC /* 02.png */ = {isa = PBXFileReference; lastKnownFileType = image.png; path = 02.png; sourceTree = "<group>"; };
		854A56B422447D9100142BCC /* 03.png */ = {isa = PBXFileReference; lastKnownFileType = image.png; path = 03.png; sourceTree = "<group>"; };
		854A56B522447D9100142BCC /* 04.png */ = {isa = PBXFileReference; lastKnownFileType = image.png; path = 04.png; sourceTree = "<group>"; };
		854A56B622447D9100142BCC /* 01.png */ = {isa = PBXFileReference; lastKnownFileType = image.png; path = 01.png; sourceTree = "<group>"; };
/* End PBXFileReference section */

/* Begin PBXFrameworksBuildPhase section */
		854A569922447CAF00142BCC /* Frameworks */ = {
			isa = PBXFrameworksBuildPhase;
			buildActionMask = 2147483647;
			files = (
			);
			runOnlyForDeploymentPostprocessing = 0;
		};
/* End PBXFrameworksBuildPhase section */

/* Begin PBXGroup section */
		854A569322447CAF00142BCC = {
			isa = PBXGroup;
			children = (
				854A569E22447CAF00142BCC /* ImageSwiper */,
				854A569D22447CAF00142BCC /* Products */,
			);
			sourceTree = "<group>";
		};
		854A569D22447CAF00142BCC /* Products */ = {
			isa = PBXGroup;
			children = (
				854A569C22447CAF00142BCC /* ImageSwiper.app */,
			);
			name = Products;
			sourceTree = "<group>";
		};
		854A569E22447CAF00142BCC /* ImageSwiper */ = {
			isa = PBXGroup;
			children = (
				854A56B622447D9100142BCC /* 01.png */,
				854A56B322447D9100142BCC /* 02.png */,
				854A56B422447D9100142BCC /* 03.png */,
				854A56B522447D9100142BCC /* 04.png */,
				854A56B222447D9100142BCC /* 05.png */,
				854A56B122447D9100142BCC /* 06.png */,
				854A569F22447CAF00142BCC /* AppDelegate.swift */,
				854A56A122447CAF00142BCC /* ViewController.swift */,
				854A56A322447CAF00142BCC /* Main.storyboard */,
				854A56A622447CB000142BCC /* Assets.xcassets */,
				854A56A822447CB000142BCC /* LaunchScreen.storyboard */,
				854A56AB22447CB000142BCC /* Info.plist */,
			);
			path = ImageSwiper;
			sourceTree = "<group>";
		};
/* End PBXGroup section */

/* Begin PBXNativeTarget section */
		854A569B22447CAF00142BCC /* ImageSwiper */ = {
			isa = PBXNativeTarget;
			buildConfigurationList = 854A56AE22447CB000142BCC /* Build configuration list for PBXNativeTarget "ImageSwiper" */;
			buildPhases = (
				854A569822447CAF00142BCC /* Sources */,
				854A569922447CAF00142BCC /* Frameworks */,
				854A569A22447CAF00142BCC /* Resources */,
			);
			buildRules = (
			);
			dependencies = (
			);
			name = ImageSwiper;
			productName = ImageSwiper;
			productReference = 854A569C22447CAF00142BCC /* ImageSwiper.app */;
			productType = "com.apple.product-type.application";
		};
/* End PBXNativeTarget section */

/* Begin PBXProject section */
		854A569422447CAF00142BCC /* Project object */ = {
			isa = PBXProject;
			attributes = {
				LastSwiftUpdateCheck = 1010;
				LastUpgradeCheck = 1010;
				ORGANIZATIONNAME = "임태훈";
				TargetAttributes = {
					854A569B22447CAF00142BCC = {
						CreatedOnToolsVersion = 10.1;
					};
				};
			};
			buildConfigurationList = 854A569722447CAF00142BCC /* Build configuration list for PBXProject "ImageSwiper" */;
			compatibilityVersion = "Xcode 9.3";
			developmentRegion = en;
			hasScannedForEncodings = 0;
			knownRegions = (
				en,
				Base,
			);
			mainGroup = 854A569322447CAF00142BCC;
			productRefGroup = 854A569D22447CAF00142BCC /* Products */;
			projectDirPath = "";
			projectRoot = "";
			targets = (
				854A569B22447CAF00142BCC /* ImageSwiper */,
			);
		};
/* End PBXProject section */

/* Begin PBXResourcesBuildPhase section */
		854A569A22447CAF00142BCC /* Resources */ = {
			isa = PBXResourcesBuildPhase;
			buildActionMask = 2147483647;
			files = (
				854A56BC22447D9100142BCC /* 01.png in Resources */,
				854A56BA22447D9100142BCC /* 03.png in Resources */,
				854A56B822447D9100142BCC /* 05.png in Resources */,
				854A56AA22447CB000142BCC /* LaunchScreen.storyboard in Resources */,
				854A56A722447CB000142BCC /* Assets.xcassets in Resources */,
				854A56A522447CAF00142BCC /* Main.storyboard in Resources */,
				854A56BB22447D9100142BCC /* 04.png in Resources */,
				854A56B722447D9100142BCC /* 06.png in Resources */,
				854A56B922447D9100142BCC /* 02.png in Resources */,
			);
			runOnlyForDeploymentPostprocessing = 0;
		};
/* End PBXResourcesBuildPhase section */

/* Begin PBXSourcesBuildPhase section */
		854A569822447CAF00142BCC /* Sources */ = {
			isa = PBXSourcesBuildPhase;
			buildActionMask = 2147483647;
			files = (
				854A56A222447CAF00142BCC /* ViewController.swift in Sources */,
				854A56A022447CAF00142BCC /* AppDelegate.swift in Sources */,
			);
			runOnlyForDeploymentPostprocessing = 0;
		};
/* End PBXSourcesBuildPhase section */

/* Begin PBXVariantGroup section */
		854A56A322447CAF00142BCC /* Main.storyboard */ = {
			isa = PBXVariantGroup;
			children = (
				854A56A422447CAF00142BCC /* Base */,
			);
			name = Main.storyboard;
			sourceTree = "<group>";
		};
		854A56A822447CB000142BCC /* LaunchScreen.storyboard */ = {
			isa = PBXVariantGroup;
			children = (
				854A56A922447CB000142BCC /* Base */,
			);
			name = LaunchScreen.storyboard;
			sourceTree = "<group>";
		};
/* End PBXVariantGroup section */

/* Begin XCBuildConfiguration section */
		854A56AC22447CB000142BCC /* Debug */ = {
			isa = XCBuildConfiguration;
			buildSettings = {
				ALWAYS_SEARCH_USER_PATHS = NO;
				CLANG_ANALYZER_NONNULL = YES;
				CLANG_ANALYZER_NUMBER_OBJECT_CONVERSION = YES_AGGRESSIVE;
				CLANG_CXX_LANGUAGE_STANDARD = "gnu++14";
				CLANG_CXX_LIBRARY = "libc++";
				CLANG_ENABLE_MODULES = YES;
				CLANG_ENABLE_OBJC_ARC = YES;
				CLANG_ENABLE_OBJC_WEAK = YES;
				CLANG_WARN_BLOCK_CAPTURE_AUTORELEASING = YES;
				CLANG_WARN_BOOL_CONVERSION = YES;
				CLANG_WARN_COMMA = YES;
				CLANG_WARN_CONSTANT_CONVERSION = YES;
				CLANG_WARN_DEPRECATED_OBJC_IMPLEMENTATIONS = YES;
				CLANG_WARN_DIRECT_OBJC_ISA_USAGE = YES_ERROR;
				CLANG_WARN_DOCUMENTATION_COMMENTS = YES;
				CLANG_WARN_EMPTY_BODY = YES;
				CLANG_WARN_ENUM_CONVERSION = YES;
				CLANG_WARN_INFINITE_RECURSION = YES;
				CLANG_WARN_INT_CONVERSION = YES;
				CLANG_WARN_NON_LITERAL_NULL_CONVERSION = YES;
				CLANG_WARN_OBJC_IMPLICIT_RETAIN_SELF = YES;
				CLANG_WARN_OBJC_LITERAL_CONVERSION = YES;
				CLANG_WARN_OBJC_ROOT_CLASS = YES_ERROR;
				CLANG_WARN_RANGE_LOOP_ANALYSIS = YES;
				CLANG_WARN_STRICT_PROTOTYPES = YES;
				CLANG_WARN_SUSPICIOUS_MOVE = YES;
				CLANG_WARN_UNGUARDED_AVAILABILITY = YES_AGGRESSIVE;
				CLANG_WARN_UNREACHABLE_CODE = YES;
				CLANG_WARN__DUPLICATE_METHOD_MATCH = YES;
				CODE_SIGN_IDENTITY = "iPhone Developer";
				COPY_PHASE_STRIP = NO;
				DEBUG_INFORMATION_FORMAT = dwarf;
				ENABLE_STRICT_OBJC_MSGSEND = YES;
				ENABLE_TESTABILITY = YES;
				GCC_C_LANGUAGE_STANDARD = gnu11;
				GCC_DYNAMIC_NO_PIC = NO;
				GCC_NO_COMMON_BLOCKS = YES;
				GCC_OPTIMIZATION_LEVEL = 0;
				GCC_PREPROCESSOR_DEFINITIONS = (
					"DEBUG=1",
					"$(inherited)",
				);
				GCC_WARN_64_TO_32_BIT_CONVERSION = YES;
				GCC_WARN_ABOUT_RETURN_TYPE = YES_ERROR;
				GCC_WARN_UNDECLARED_SELECTOR = YES;
				GCC_WARN_UNINITIALIZED_AUTOS = YES_AGGRESSIVE;
				GCC_WARN_UNUSED_FUNCTION = YES;
				GCC_WARN_UNUSED_VARIABLE = YES;
				IPHONEOS_DEPLOYMENT_TARGET = 12.1;
				MTL_ENABLE_DEBUG_INFO = INCLUDE_SOURCE;
				MTL_FAST_MATH = YES;
				ONLY_ACTIVE_ARCH = YES;
				SDKROOT = iphoneos;
				SWIFT_ACTIVE_COMPILATION_CONDITIONS = DEBUG;
				SWIFT_OPTIMIZATION_LEVEL = "-Onone";
			};
			name = Debug;
		};
		854A56AD22447CB000142BCC /* Release */ = {
			isa = XCBuildConfiguration;
			buildSettings = {
				ALWAYS_SEARCH_USER_PATHS = NO;
				CLANG_ANALYZER_NONNULL = YES;
				CLANG_ANALYZER_NUMBER_OBJECT_CONVERSION = YES_AGGRESSIVE;
				CLANG_CXX_LANGUAGE_STANDARD = "gnu++14";
				CLANG_CXX_LIBRARY = "libc++";
				CLANG_ENABLE_MODULES = YES;
				CLANG_ENABLE_OBJC_ARC = YES;
				CLANG_ENABLE_OBJC_WEAK = YES;
				CLANG_WARN_BLOCK_CAPTURE_AUTORELEASING = YES;
				CLANG_WARN_BOOL_CONVERSION = YES;
				CLANG_WARN_COMMA = YES;
				CLANG_WARN_CONSTANT_CONVERSION = YES;
				CLANG_WARN_DEPRECATED_OBJC_IMPLEMENTATIONS = YES;
				CLANG_WARN_DIRECT_OBJC_ISA_USAGE = YES_ERROR;
				CLANG_WARN_DOCUMENTATION_COMMENTS = YES;
				CLANG_WARN_EMPTY_BODY = YES;
				CLANG_WARN_ENUM_CONVERSION = YES;
				CLANG_WARN_INFINITE_RECURSION = YES;
				CLANG_WARN_INT_CONVERSION = YES;
				CLANG_WARN_NON_LITERAL_NULL_CONVERSION = YES;
				CLANG_WARN_OBJC_IMPLICIT_RETAIN_SELF = YES;
				CLANG_WARN_OBJC_LITERAL_CONVERSION = YES;
				CLANG_WARN_OBJC_ROOT_CLASS = YES_ERROR;
				CLANG_WARN_RANGE_LOOP_ANALYSIS = YES;
				CLANG_WARN_STRICT_PROTOTYPES = YES;
				CLANG_WARN_SUSPICIOUS_MOVE = YES;
				CLANG_WARN_UNGUARDED_AVAILABILITY = YES_AGGRESSIVE;
				CLANG_WARN_UNREACHABLE_CODE = YES;
				CLANG_WARN__DUPLICATE_METHOD_MATCH = YES;
				CODE_SIGN_IDENTITY = "iPhone Developer";
				COPY_PHASE_STRIP = NO;
				DEBUG_INFORMATION_FORMAT = "dwarf-with-dsym";
				ENABLE_NS_ASSERTIONS = NO;
				ENABLE_STRICT_OBJC_MSGSEND = YES;
				GCC_C_LANGUAGE_STANDARD = gnu11;
				GCC_NO_COMMON_BLOCKS = YES;
				GCC_WARN_64_TO_32_BIT_CONVERSION = YES;
				GCC_WARN_ABOUT_RETURN_TYPE = YES_ERROR;
				GCC_WARN_UNDECLARED_SELECTOR = YES;
				GCC_WARN_UNINITIALIZED_AUTOS = YES_AGGRESSIVE;
				GCC_WARN_UNUSED_FUNCTION = YES;
				GCC_WARN_UNUSED_VARIABLE = YES;
				IPHONEOS_DEPLOYMENT_TARGET = 12.1;
				MTL_ENABLE_DEBUG_INFO = NO;
				MTL_FAST_MATH = YES;
				SDKROOT = iphoneos;
				SWIFT_COMPILATION_MODE = wholemodule;
				SWIFT_OPTIMIZATION_LEVEL = "-O";
				VALIDATE_PRODUCT = YES;
			};
			name = Release;
		};
		854A56AF22447CB000142BCC /* Debug */ = {
			isa = XCBuildConfiguration;
			buildSettings = {
				ASSETCATALOG_COMPILER_APPICON_NAME = AppIcon;
				CODE_SIGN_STYLE = Automatic;
				INFOPLIST_FILE = ImageSwiper/Info.plist;
				LD_RUNPATH_SEARCH_PATHS = (
					"$(inherited)",
					"@executable_path/Frameworks",
				);
				PRODUCT_BUNDLE_IDENTIFIER = imtae.ImageSwiper;
				PRODUCT_NAME = "$(TARGET_NAME)";
				SWIFT_VERSION = 4.2;
				TARGETED_DEVICE_FAMILY = "1,2";
			};
			name = Debug;
		};
		854A56B022447CB000142BCC /* Release */ = {
			isa = XCBuildConfiguration;
			buildSettings = {
				ASSETCATALOG_COMPILER_APPICON_NAME = AppIcon;
				CODE_SIGN_STYLE = Automatic;
				INFOPLIST_FILE = ImageSwiper/Info.plist;
				LD_RUNPATH_SEARCH_PATHS = (
					"$(inherited)",
					"@executable_path/Frameworks",
				);
				PRODUCT_BUNDLE_IDENTIFIER = imtae.ImageSwiper;
				PRODUCT_NAME = "$(TARGET_NAME)";
				SWIFT_VERSION = 4.2;
				TARGETED_DEVICE_FAMILY = "1,2";
			};
			name = Release;
		};
/* End XCBuildConfiguration section */

/* Begin XCConfigurationList section */
		854A569722447CAF00142BCC /* Build configuration list for PBXProject "ImageSwiper" */ = {
			isa = XCConfigurationList;
			buildConfigurations = (
				854A56AC22447CB000142BCC /* Debug */,
				854A56AD22447CB000142BCC /* Release */,
			);
			defaultConfigurationIsVisible = 0;
			defaultConfigurationName = Release;
		};
		854A56AE22447CB000142BCC /* Build configuration list for PBXNativeTarget "ImageSwiper" */ = {
			isa = XCConfigurationList;
			buildConfigurations = (
				854A56AF22447CB000142BCC /* Debug */,
				854A56B022447CB000142BCC /* Release */,
			);
			defaultConfigurationIsVisible = 0;
			defaultConfigurationName = Release;
		};
/* End XCConfigurationList section */
	};
	rootObject = 854A569422447CAF00142BCC /* Project object */;
}
